
Microsoft Visual Studio Solution File, Format Version 12.00
# Visual Studio 14
VisualStudioVersion = 14.0.25420.1
MinimumVisualStudioVersion = 10.0.40219.1
Project("{FAE04EC0-301F-11D3-BF4B-00C04F79EFBC}") = "SampleApi", "SampleApi\SampleApi.csproj", "{1E5550F0-4F12-49E0-9BD7-594194212ECA}"
EndProject
Project("{FAE04EC0-301F-11D3-BF4B-00C04F79EFBC}") = "ClientApp", "ClientApp\ClientApp.csproj", "{32C6C97D-B081-4699-9915-2EC567D697B6}"
EndProject
Project("{FAE04EC0-301F-11D3-BF4B-00C04F79EFBC}") = "UnitTestProject", "UnitTestProject\UnitTestProject.csproj", "{F59727BC-FD0A-4E68-B61B-1F09DFEFE001}"
EndProject
Global
	GlobalSection(SolutionConfigurationPlatforms) = preSolution
		Debug|Any CPU = Debug|Any CPU
		Release|Any CPU = Release|Any CPU
	EndGlobalSection
	GlobalSection(ProjectConfigurationPlatforms) = postSolution
		{1E5550F0-4F12-49E0-9BD7-594194212ECA}.Debug|Any CPU.ActiveCfg = Debug|Any CPU
		{1E5550F0-4F12-49E0-9BD7-594194212ECA}.Debug|Any CPU.Build.0 = Debug|Any CPU
		{1E5550F0-4F12-49E0-9BD7-594194212ECA}.Release|Any CPU.ActiveCfg = Release|Any CPU
		{1E5550F0-4F12-49E0-9BD7-594194212ECA}.Release|Any CPU.Build.0 = Release|Any CPU
		{32C6C97D-B081-4699-9915-2EC567D697B6}.Debug|Any CPU.ActiveCfg = Debug|Any CPU
		{32C6C97D-B081-4699-9915-2EC567D697B6}.Debug|Any CPU.Build.0 = Debug|Any CPU
		{32C6C97D-B081-4699-9915-2EC567D697B6}.Release|Any CPU.ActiveCfg = Release|Any CPU
		{32C6C97D-B081-4699-9915-2EC567D697B6}.Release|Any CPU.Build.0 = Release|Any CPU
		{F59727BC-FD0A-4E68-B61B-1F09DFEFE001}.Debug|Any CPU.ActiveCfg = Debug|Any CPU
		{F59727BC-FD0A-4E68-B61B-1F09DFEFE001}.Debug|Any CPU.Build.0 = Debug|Any CPU
		{F59727BC-FD0A-4E68-B61B-1F09DFEFE001}.Release|Any CPU.ActiveCfg = Release|Any CPU
		{F59727BC-FD0A-4E68-B61B-1F09DFEFE001}.Release|Any CPU.Build.0 = Release|Any CPU
	EndGlobalSection
	GlobalSection(SolutionProperties) = preSolution
		HideSolutionNode = FALSE
	EndGlobalSection
EndGlobal
